
Microsoft Visual Studio Solution File, Format Version 12.00
# Visual Studio Version 17
VisualStudioVersion = 17.7.34031.279
MinimumVisualStudioVersion = 10.0.40219.1
Project("{9A19103F-16F7-4668-BE54-9A1E7A4F7556}") = "day1", "day1\day1.csproj", "{FC12D57F-0A46-4615-AFAB-39DE0B854D03}"
EndProject
Project("{9A19103F-16F7-4668-BE54-9A1E7A4F7556}") = "day2", "day2\day2.csproj", "{F59F220D-873C-4F23-B21D-03A4FBB90E54}"
EndProject
Project("{9A19103F-16F7-4668-BE54-9A1E7A4F7556}") = "day3", "day3\day3.csproj", "{7C22BCF3-6602-47D5-9D23-5531E2739975}"
EndProject
Project("{9A19103F-16F7-4668-BE54-9A1E7A4F7556}") = "Tests", "Tests\Tests.csproj", "{81875CD6-350B-46BC-9615-D727BD3176AD}"
EndProject
Project("{9A19103F-16F7-4668-BE54-9A1E7A4F7556}") = "day4", "day4\day4.csproj", "{DB6638A8-02D8-4464-88A4-EFD979A751E2}"
EndProject
Project("{9A19103F-16F7-4668-BE54-9A1E7A4F7556}") = "day5", "day5\day5.csproj", "{80DBABCC-0487-495B-A738-C4BB8AEB9B41}"
EndProject
Project("{9A19103F-16F7-4668-BE54-9A1E7A4F7556}") = "day6", "day6\day6.csproj", "{7C4DC019-B5F5-465D-A220-EC78489FFFE6}"
EndProject
Project("{9A19103F-16F7-4668-BE54-9A1E7A4F7556}") = "day7", "day7\day7.csproj", "{8905FF95-1A25-4B6C-AE98-E39179CFD967}"
EndProject
Project("{9A19103F-16F7-4668-BE54-9A1E7A4F7556}") = "day8", "day8\day8.csproj", "{E81C28A1-649A-42CD-9F5A-B85CFD857CBE}"
EndProject
Project("{9A19103F-16F7-4668-BE54-9A1E7A4F7556}") = "day9", "day9\day9.csproj", "{85285719-C467-450C-BC07-9D06777FDBBF}"
EndProject
Project("{9A19103F-16F7-4668-BE54-9A1E7A4F7556}") = "dayz10", "dayz10\dayz10.csproj", "{C7D2BF6B-B4A8-4ABE-BA3F-8919BA3ABE2E}"
EndProject
Project("{9A19103F-16F7-4668-BE54-9A1E7A4F7556}") = "dayz11", "dayz11\dayz11.csproj", "{97CD090B-E48C-47D5-90B5-9D0B8D0AE1D7}"
EndProject
Project("{9A19103F-16F7-4668-BE54-9A1E7A4F7556}") = "dayz12", "dayz12\dayz12.csproj", "{B10A9591-0DD1-41AF-8068-6FD60B04BE67}"
EndProject
Project("{FAE04EC0-301F-11D3-BF4B-00C04F79EFBC}") = "dayzz23", "dayzz23\dayzz23.csproj", "{091CFE50-36A2-443C-A3CC-45F517FD8CF6}"
EndProject
Global
	GlobalSection(SolutionConfigurationPlatforms) = preSolution
		Debug|Any CPU = Debug|Any CPU
		Release|Any CPU = Release|Any CPU
	EndGlobalSection
	GlobalSection(ProjectConfigurationPlatforms) = postSolution
		{FC12D57F-0A46-4615-AFAB-39DE0B854D03}.Debug|Any CPU.ActiveCfg = Debug|Any CPU
		{FC12D57F-0A46-4615-AFAB-39DE0B854D03}.Debug|Any CPU.Build.0 = Debug|Any CPU
		{FC12D57F-0A46-4615-AFAB-39DE0B854D03}.Release|Any CPU.ActiveCfg = Release|Any CPU
		{FC12D57F-0A46-4615-AFAB-39DE0B854D03}.Release|Any CPU.Build.0 = Release|Any CPU
		{F59F220D-873C-4F23-B21D-03A4FBB90E54}.Debug|Any CPU.ActiveCfg = Debug|Any CPU
		{F59F220D-873C-4F23-B21D-03A4FBB90E54}.Debug|Any CPU.Build.0 = Debug|Any CPU
		{F59F220D-873C-4F23-B21D-03A4FBB90E54}.Release|Any CPU.ActiveCfg = Release|Any CPU
		{F59F220D-873C-4F23-B21D-03A4FBB90E54}.Release|Any CPU.Build.0 = Release|Any CPU
		{7C22BCF3-6602-47D5-9D23-5531E2739975}.Debug|Any CPU.ActiveCfg = Debug|Any CPU
		{7C22BCF3-6602-47D5-9D23-5531E2739975}.Debug|Any CPU.Build.0 = Debug|Any CPU
		{7C22BCF3-6602-47D5-9D23-5531E2739975}.Release|Any CPU.ActiveCfg = Release|Any CPU
		{7C22BCF3-6602-47D5-9D23-5531E2739975}.Release|Any CPU.Build.0 = Release|Any CPU
		{81875CD6-350B-46BC-9615-D727BD3176AD}.Debug|Any CPU.ActiveCfg = Debug|Any CPU
		{81875CD6-350B-46BC-9615-D727BD3176AD}.Debug|Any CPU.Build.0 = Debug|Any CPU
		{81875CD6-350B-46BC-9615-D727BD3176AD}.Release|Any CPU.ActiveCfg = Release|Any CPU
		{81875CD6-350B-46BC-9615-D727BD3176AD}.Release|Any CPU.Build.0 = Release|Any CPU
		{DB6638A8-02D8-4464-88A4-EFD979A751E2}.Debug|Any CPU.ActiveCfg = Debug|Any CPU
		{DB6638A8-02D8-4464-88A4-EFD979A751E2}.Debug|Any CPU.Build.0 = Debug|Any CPU
		{DB6638A8-02D8-4464-88A4-EFD979A751E2}.Release|Any CPU.ActiveCfg = Release|Any CPU
		{DB6638A8-02D8-4464-88A4-EFD979A751E2}.Release|Any CPU.Build.0 = Release|Any CPU
		{80DBABCC-0487-495B-A738-C4BB8AEB9B41}.Debug|Any CPU.ActiveCfg = Debug|Any CPU
		{80DBABCC-0487-495B-A738-C4BB8AEB9B41}.Debug|Any CPU.Build.0 = Debug|Any CPU
		{80DBABCC-0487-495B-A738-C4BB8AEB9B41}.Release|Any CPU.ActiveCfg = Release|Any CPU
		{80DBABCC-0487-495B-A738-C4BB8AEB9B41}.Release|Any CPU.Build.0 = Release|Any CPU
		{7C4DC019-B5F5-465D-A220-EC78489FFFE6}.Debug|Any CPU.ActiveCfg = Debug|Any CPU
		{7C4DC019-B5F5-465D-A220-EC78489FFFE6}.Debug|Any CPU.Build.0 = Debug|Any CPU
		{7C4DC019-B5F5-465D-A220-EC78489FFFE6}.Release|Any CPU.ActiveCfg = Release|Any CPU
		{7C4DC019-B5F5-465D-A220-EC78489FFFE6}.Release|Any CPU.Build.0 = Release|Any CPU
		{8905FF95-1A25-4B6C-AE98-E39179CFD967}.Debug|Any CPU.ActiveCfg = Debug|Any CPU
		{8905FF95-1A25-4B6C-AE98-E39179CFD967}.Debug|Any CPU.Build.0 = Debug|Any CPU
		{8905FF95-1A25-4B6C-AE98-E39179CFD967}.Release|Any CPU.ActiveCfg = Release|Any CPU
		{8905FF95-1A25-4B6C-AE98-E39179CFD967}.Release|Any CPU.Build.0 = Release|Any CPU
		{E81C28A1-649A-42CD-9F5A-B85CFD857CBE}.Debug|Any CPU.ActiveCfg = Debug|Any CPU
		{E81C28A1-649A-42CD-9F5A-B85CFD857CBE}.Debug|Any CPU.Build.0 = Debug|Any CPU
		{E81C28A1-649A-42CD-9F5A-B85CFD857CBE}.Release|Any CPU.ActiveCfg = Release|Any CPU
		{E81C28A1-649A-42CD-9F5A-B85CFD857CBE}.Release|Any CPU.Build.0 = Release|Any CPU
		{85285719-C467-450C-BC07-9D06777FDBBF}.Debug|Any CPU.ActiveCfg = Debug|Any CPU
		{85285719-C467-450C-BC07-9D06777FDBBF}.Debug|Any CPU.Build.0 = Debug|Any CPU
		{85285719-C467-450C-BC07-9D06777FDBBF}.Release|Any CPU.ActiveCfg = Release|Any CPU
		{85285719-C467-450C-BC07-9D06777FDBBF}.Release|Any CPU.Build.0 = Release|Any CPU
		{C7D2BF6B-B4A8-4ABE-BA3F-8919BA3ABE2E}.Debug|Any CPU.ActiveCfg = Debug|Any CPU
		{C7D2BF6B-B4A8-4ABE-BA3F-8919BA3ABE2E}.Debug|Any CPU.Build.0 = Debug|Any CPU
		{C7D2BF6B-B4A8-4ABE-BA3F-8919BA3ABE2E}.Release|Any CPU.ActiveCfg = Release|Any CPU
		{C7D2BF6B-B4A8-4ABE-BA3F-8919BA3ABE2E}.Release|Any CPU.Build.0 = Release|Any CPU
		{97CD090B-E48C-47D5-90B5-9D0B8D0AE1D7}.Debug|Any CPU.ActiveCfg = Debug|Any CPU
		{97CD090B-E48C-47D5-90B5-9D0B8D0AE1D7}.Debug|Any CPU.Build.0 = Debug|Any CPU
		{97CD090B-E48C-47D5-90B5-9D0B8D0AE1D7}.Release|Any CPU.ActiveCfg = Release|Any CPU
		{97CD090B-E48C-47D5-90B5-9D0B8D0AE1D7}.Release|Any CPU.Build.0 = Release|Any CPU
		{B10A9591-0DD1-41AF-8068-6FD60B04BE67}.Debug|Any CPU.ActiveCfg = Debug|Any CPU
		{B10A9591-0DD1-41AF-8068-6FD60B04BE67}.Debug|Any CPU.Build.0 = Debug|Any CPU
		{B10A9591-0DD1-41AF-8068-6FD60B04BE67}.Release|Any CPU.ActiveCfg = Release|Any CPU
		{B10A9591-0DD1-41AF-8068-6FD60B04BE67}.Release|Any CPU.Build.0 = Release|Any CPU
		{091CFE50-36A2-443C-A3CC-45F517FD8CF6}.Debug|Any CPU.ActiveCfg = Debug|Any CPU
		{091CFE50-36A2-443C-A3CC-45F517FD8CF6}.Debug|Any CPU.Build.0 = Debug|Any CPU
		{091CFE50-36A2-443C-A3CC-45F517FD8CF6}.Release|Any CPU.ActiveCfg = Release|Any CPU
		{091CFE50-36A2-443C-A3CC-45F517FD8CF6}.Release|Any CPU.Build.0 = Release|Any CPU
	EndGlobalSection
	GlobalSection(SolutionProperties) = preSolution
		HideSolutionNode = FALSE
	EndGlobalSection
	GlobalSection(ExtensibilityGlobals) = postSolution
		SolutionGuid = {62C3D377-AB95-4C3F-8A45-A773B67B1507}
	EndGlobalSection
EndGlobal
